<?xml version="1.0" encoding="utf-8"?>
<Project ToolsVersion="4.0" xmlns="http://schemas.microsoft.com/developer/msbuild/2003">
  <ItemGroup>
    <Filter Include="Source Files">
      <UniqueIdentifier>{4FC737F1-C7A5-4376-A066-2A32D752A2FF}</UniqueIdentifier>
      <Extensions>cpp;c;cc;cxx;c++;cppm;ixx;def;odl;idl;hpj;bat;asm;asmx</Extensions>
    </Filter>
    <Filter Include="Header Files">
      <UniqueIdentifier>{93995380-89BD-4b04-88EB-625FBE52EBFB}</UniqueIdentifier>
      <Extensions>h;hh;hpp;hxx;h++;hm;inl;inc;ipp;xsd</Extensions>
    </Filter>
    <Filter Include="Resource Files">
      <UniqueIdentifier>{67DA6AB6-F800-4c08-8B7A-83BB121AAD01}</UniqueIdentifier>
      <Extensions>rc;ico;cur;bmp;dlg;rc2;rct;bin;rgs;gif;jpg;jpeg;jpe;resx;tiff;tif;png;wav;mfcribbon-ms</Extensions>
    </Filter>
  </ItemGroup>
  <ItemGroup>
    <ClCompile Include="src\Application\FApplication.cpp">
      <Filter>Source Files</Filter>
    </ClCompile>
    <ClCompile Include="src\Components\CMovementComponent.cpp">
      <Filter>Source Files</Filter>
    </ClCompile>
    <ClCompile Include="src\Components\CRigidBody2DComponent.cpp">
      <Filter>Source Files</Filter>
    </ClCompile>
    <ClCompile Include="src\Components\CTransform2DComponent.cpp">
      <Filter>Source Files</Filter>
    </ClCompile>
    <ClCompile Include="src\Components\CTransform3DComponent.cpp">
      <Filter>Source Files</Filter>
    </ClCompile>
    <ClCompile Include="src\Components\DComponent.cpp">
      <Filter>Source Files</Filter>
    </ClCompile>
    <ClCompile Include="src\EntryPoint\Main.cpp">
      <Filter>Source Files</Filter>
    </ClCompile>
    <ClCompile Include="src\Events\FEventSystem.cpp">
      <Filter>Source Files</Filter>
    </ClCompile>
    <ClCompile Include="src\Exception\FException.cpp">
      <Filter>Source Files</Filter>
    </ClCompile>
    <ClCompile Include="src\Exception\FVulkanException.cpp">
      <Filter>Source Files</Filter>
    </ClCompile>
    <ClCompile Include="src\GameObjects\IObject.cpp">
      <Filter>Source Files</Filter>
    </ClCompile>
    <ClCompile Include="src\GameObjects\OGameObject.cpp">
      <Filter>Source Files</Filter>
    </ClCompile>
    <ClCompile Include="src\Input\Gamepad\FGamepad.cpp">
      <Filter>Source Files</Filter>
    </ClCompile>
    <ClCompile Include="src\Input\Keyboard\FKeyboard.cpp">
      <Filter>Source Files</Filter>
    </ClCompile>
    <ClCompile Include="src\Input\Mouse\FMouse.cpp">
      <Filter>Source Files</Filter>
    </ClCompile>
    <ClCompile Include="src\Logger\FLogger.cpp">
      <Filter>Source Files</Filter>
    </ClCompile>
    <ClCompile Include="src\PrecompiledHeaders\t3dpch.cpp">
      <Filter>Source Files</Filter>
    </ClCompile>
    <ClCompile Include="src\Render\Core\FCamera.cpp">
      <Filter>Source Files</Filter>
    </ClCompile>
    <ClCompile Include="src\Render\Core\FDevice.cpp">
      <Filter>Source Files</Filter>
    </ClCompile>
    <ClCompile Include="src\Render\Core\FDeviceBuffer.cpp">
      <Filter>Source Files</Filter>
    </ClCompile>
    <ClCompile Include="src\Render\Core\FPushConstantData.cpp">
      <Filter>Source Files</Filter>
    </ClCompile>
    <ClCompile Include="src\Render\Core\FRenderer.cpp">
      <Filter>Source Files</Filter>
    </ClCompile>
    <ClCompile Include="src\Render\Core\FSwapchain.cpp">
      <Filter>Source Files</Filter>
    </ClCompile>
    <ClCompile Include="src\Render\Primitives\Billboard\FBillboard.cpp">
      <Filter>Source Files</Filter>
    </ClCompile>
    <ClCompile Include="src\Render\Primitives\Mesh\FMesh.cpp">
      <Filter>Source Files</Filter>
    </ClCompile>
    <ClCompile Include="src\Render\Primitives\Mesh\FMeshData.cpp">
      <Filter>Source Files</Filter>
    </ClCompile>
    <ClCompile Include="src\Render\Primitives\Mesh\FVertex.cpp">
      <Filter>Source Files</Filter>
    </ClCompile>
    <ClCompile Include="src\Render\Primitives\PointLight\FPointLight.cpp">
      <Filter>Source Files</Filter>
    </ClCompile>
    <ClCompile Include="src\Render\Primitives\Skybox\FSkybox.cpp">
      <Filter>Source Files</Filter>
    </ClCompile>
    <ClCompile Include="src\Render\Pipeline\FDescriptorPool.cpp">
      <Filter>Source Files</Filter>
    </ClCompile>
    <ClCompile Include="src\Render\Pipeline\FDescriptorSetLayout.cpp">
      <Filter>Source Files</Filter>
    </ClCompile>
    <ClCompile Include="src\Render\Pipeline\FDescriptorWriter.cpp">
      <Filter>Source Files</Filter>
    </ClCompile>
    <ClCompile Include="src\Render\Pipeline\FPipeline.cpp">
      <Filter>Source Files</Filter>
    </ClCompile>
    <ClCompile Include="src\Render\Systems\FBillboardRenderSystem.cpp">
      <Filter>Source Files</Filter>
    </ClCompile>
    <ClCompile Include="src\Render\Systems\FMeshRenderSystem.cpp">
      <Filter>Source Files</Filter>
    </ClCompile>
    <ClCompile Include="src\Render\Systems\FPointLightRenderSystem.cpp">
      <Filter>Source Files</Filter>
    </ClCompile>
    <ClCompile Include="src\ResourceManagers\FImageLoader.cpp">
      <Filter>Source Files</Filter>
    </ClCompile>
    <ClCompile Include="src\ThirdParty\stb_image.cpp">
      <Filter>Source Files</Filter>
    </ClCompile>
    <ClCompile Include="src\ThirdParty\tiny_obj_loader.cpp">
      <Filter>Source Files</Filter>
    </ClCompile>
    <ClCompile Include="src\Time\FTimeStamp.cpp">
      <Filter>Source Files</Filter>
    </ClCompile>
    <ClCompile Include="src\Window\FWindow.cpp">
      <Filter>Source Files</Filter>
    </ClCompile>
    <ClCompile Include="src\Components\CComponentSystem.cpp">
      <Filter>Source Files</Filter>
    </ClCompile>
    <ClCompile Include="src\Components\CPointLightComponent.cpp">
      <Filter>Source Files</Filter>
    </ClCompile>
    <ClCompile Include="src\Time\FClock.cpp">
      <Filter>Source Files</Filter>
    </ClCompile>
    <ClCompile Include="src\Time\FDeltaTime.cpp">
      <Filter>Source Files</Filter>
    </ClCompile>
    <ClCompile Include="src\Templates\TAutoID.cpp">
      <Filter>Source Files</Filter>
    </ClCompile>
    <ClCompile Include="src\Time\FTime.cpp">
      <Filter>Source Files</Filter>
    </ClCompile>
    <ClCompile Include="src\Test\ECSComponent.cpp">
      <Filter>Source Files</Filter>
    </ClCompile>
    <ClCompile Include="src\Test\BaseECSComponent.cpp">
      <Filter>Source Files</Filter>
    </ClCompile>
    <ClCompile Include="src\Test\ECSSystem.cpp">
      <Filter>Source Files</Filter>
    </ClCompile>
    <ClCompile Include="src\Test\ECS.cpp">
      <Filter>Source Files</Filter>
    </ClCompile>
    <ClCompile Include="src\Templates\TTypeID.cpp">
      <Filter>Source Files</Filter>
    </ClCompile>
    <ClCompile Include="src\ECS\Entity\MEntityManager.cpp">
      <Filter>Source Files</Filter>
    </ClCompile>
    <ClCompile Include="src\ECS\Entity\FEntity.cpp">
      <Filter>Source Files</Filter>
    </ClCompile>
    <ClCompile Include="src\ECS\Components\MComponentManager.cpp">
      <Filter>Source Files</Filter>
    </ClCompile>
    <ClCompile Include="src\ECS\Components\FComponentDescription.cpp">
      <Filter>Source Files</Filter>
    </ClCompile>
  </ItemGroup>
  <ItemGroup>
    <ClInclude Include="src\Application\FApplication.h">
      <Filter>Header Files</Filter>
    </ClInclude>
    <ClInclude Include="src\Components\CMovementComponent.h">
      <Filter>Header Files</Filter>
    </ClInclude>
    <ClInclude Include="src\Components\CRigidBody2DComponent.h">
      <Filter>Header Files</Filter>
    </ClInclude>
    <ClInclude Include="src\Components\CTransform2DComponent.h">
      <Filter>Header Files</Filter>
    </ClInclude>
    <ClInclude Include="src\Components\CTransform3DComponent.h">
      <Filter>Header Files</Filter>
    </ClInclude>
    <ClInclude Include="src\Components\DComponent.h">
      <Filter>Header Files</Filter>
    </ClInclude>
    <ClInclude Include="src\Events\EEventCategory.h">
      <Filter>Header Files</Filter>
    </ClInclude>
    <ClInclude Include="src\Events\EEventType.h">
      <Filter>Header Files</Filter>
    </ClInclude>
    <ClInclude Include="src\Events\EventData.h">
      <Filter>Header Files</Filter>
    </ClInclude>
    <ClInclude Include="src\Events\FEvent.h">
      <Filter>Header Files</Filter>
    </ClInclude>
    <ClInclude Include="src\Events\FEventSystem.h">
      <Filter>Header Files</Filter>
    </ClInclude>
    <ClInclude Include="src\Events\IEventListener.h">
      <Filter>Header Files</Filter>
    </ClInclude>
    <ClInclude Include="src\Exception\FException.h">
      <Filter>Header Files</Filter>
    </ClInclude>
    <ClInclude Include="src\Exception\FVulkanException.h">
      <Filter>Header Files</Filter>
    </ClInclude>
    <ClInclude Include="src\GameObjects\IObject.h">
      <Filter>Header Files</Filter>
    </ClInclude>
    <ClInclude Include="src\GameObjects\OGameObject.h">
      <Filter>Header Files</Filter>
    </ClInclude>
    <ClInclude Include="src\Input\Gamepad\FGamepad.h">
      <Filter>Header Files</Filter>
    </ClInclude>
    <ClInclude Include="src\Input\Keyboard\FCharEvent.h">
      <Filter>Header Files</Filter>
    </ClInclude>
    <ClInclude Include="src\Input\Keyboard\FKey.h">
      <Filter>Header Files</Filter>
    </ClInclude>
    <ClInclude Include="src\Input\Keyboard\FKeyboard.h">
      <Filter>Header Files</Filter>
    </ClInclude>
    <ClInclude Include="src\Input\Keyboard\FKeyEvent.h">
      <Filter>Header Files</Filter>
    </ClInclude>
    <ClInclude Include="src\Input\Keyboard\FKeyState.h">
      <Filter>Header Files</Filter>
    </ClInclude>
    <ClInclude Include="src\Input\Mouse\FMouse.h">
      <Filter>Header Files</Filter>
    </ClInclude>
    <ClInclude Include="src\Input\Mouse\FMouseButton.h">
      <Filter>Header Files</Filter>
    </ClInclude>
    <ClInclude Include="src\Input\Mouse\FMouseButtonState.h">
      <Filter>Header Files</Filter>
    </ClInclude>
    <ClInclude Include="src\Input\IInputDevice.h">
      <Filter>Header Files</Filter>
    </ClInclude>
    <ClInclude Include="src\Logger\FLogger.h">
      <Filter>Header Files</Filter>
    </ClInclude>
    <ClInclude Include="src\PrecompiledHeaders\t3dpch.h">
      <Filter>Header Files</Filter>
    </ClInclude>
    <ClInclude Include="src\Render\Core\FCamera.h">
      <Filter>Header Files</Filter>
    </ClInclude>
    <ClInclude Include="src\Render\Core\FDevice.h">
      <Filter>Header Files</Filter>
    </ClInclude>
    <ClInclude Include="src\Render\Core\FDeviceBuffer.h">
      <Filter>Header Files</Filter>
    </ClInclude>
    <ClInclude Include="src\Render\Core\FFrameInfo.h">
      <Filter>Header Files</Filter>
    </ClInclude>
    <ClInclude Include="src\Render\Core\FMaterial.h">
      <Filter>Header Files</Filter>
    </ClInclude>
    <ClInclude Include="src\Render\Core\FPushConstantData.h">
      <Filter>Header Files</Filter>
    </ClInclude>
    <ClInclude Include="src\Render\Core\FQueueFamilyIndices.h">
      <Filter>Header Files</Filter>
    </ClInclude>
    <ClInclude Include="src\Render\Core\FRenderer.h">
      <Filter>Header Files</Filter>
    </ClInclude>
    <ClInclude Include="src\Render\Core\FSwapchain.h">
      <Filter>Header Files</Filter>
    </ClInclude>
    <ClInclude Include="src\Render\Core\FSwapchainSupportDetails.h">
      <Filter>Header Files</Filter>
    </ClInclude>
    <ClInclude Include="src\Render\Core\FTexture.h">
      <Filter>Header Files</Filter>
    </ClInclude>
    <ClInclude Include="src\Render\Core\FUniformBufferData.h">
      <Filter>Header Files</Filter>
    </ClInclude>
    <ClInclude Include="src\Render\Primitives\Billboard\FBillboard.h">
      <Filter>Header Files</Filter>
    </ClInclude>
    <ClInclude Include="src\Render\Primitives\Billboard\FBillboardPushConstant.h">
      <Filter>Header Files</Filter>
    </ClInclude>
    <ClInclude Include="src\Render\Primitives\Billboard\FBillboardUniform.h">
      <Filter>Header Files</Filter>
    </ClInclude>
    <ClInclude Include="src\Render\Primitives\Mesh\FMesh.h">
      <Filter>Header Files</Filter>
    </ClInclude>
    <ClInclude Include="src\Render\Primitives\Mesh\FMeshData.h">
      <Filter>Header Files</Filter>
    </ClInclude>
    <ClInclude Include="src\Render\Primitives\Mesh\FMeshPushConstant.h">
      <Filter>Header Files</Filter>
    </ClInclude>
    <ClInclude Include="src\Render\Primitives\Mesh\FMeshUniform.h">
      <Filter>Header Files</Filter>
    </ClInclude>
    <ClInclude Include="src\Render\Primitives\Mesh\FVertex.h">
      <Filter>Header Files</Filter>
    </ClInclude>
    <ClInclude Include="src\Render\Primitives\PointLight\FPointLight.h">
      <Filter>Header Files</Filter>
    </ClInclude>
    <ClInclude Include="src\Render\Primitives\PointLight\FPointLightPushConstant.h">
      <Filter>Header Files</Filter>
    </ClInclude>
    <ClInclude Include="src\Render\Primitives\PointLight\FPointLightUniform.h">
      <Filter>Header Files</Filter>
    </ClInclude>
    <ClInclude Include="src\Render\Primitives\Skybox\FSkybox.h">
      <Filter>Header Files</Filter>
    </ClInclude>
    <ClInclude Include="src\Render\Primitives\Skybox\FSkyboxPushConstant.h">
      <Filter>Header Files</Filter>
    </ClInclude>
    <ClInclude Include="src\Render\Primitives\Skybox\FSkyboxUniform.h">
      <Filter>Header Files</Filter>
    </ClInclude>
    <ClInclude Include="src\Render\Pipeline\FDescriptorPool.h">
      <Filter>Header Files</Filter>
    </ClInclude>
    <ClInclude Include="src\Render\Pipeline\FDescriptorSetLayout.h">
      <Filter>Header Files</Filter>
    </ClInclude>
    <ClInclude Include="src\Render\Pipeline\FDescriptorWriter.h">
      <Filter>Header Files</Filter>
    </ClInclude>
    <ClInclude Include="src\Render\Pipeline\FPipeline.h">
      <Filter>Header Files</Filter>
    </ClInclude>
    <ClInclude Include="src\Render\Pipeline\FPipelineConfigInfo.h">
      <Filter>Header Files</Filter>
    </ClInclude>
    <ClInclude Include="src\Render\Systems\FBillboardRenderSystem.h">
      <Filter>Header Files</Filter>
    </ClInclude>
    <ClInclude Include="src\Render\Systems\FMeshRenderSystem.h">
      <Filter>Header Files</Filter>
    </ClInclude>
    <ClInclude Include="src\Render\Systems\FPointLightRenderSystem.h">
      <Filter>Header Files</Filter>
    </ClInclude>
    <ClInclude Include="src\ResourceManagers\EColorFormat.h">
      <Filter>Header Files</Filter>
    </ClInclude>
    <ClInclude Include="src\ResourceManagers\FImageLoader.h">
      <Filter>Header Files</Filter>
    </ClInclude>
    <ClInclude Include="src\ResourceManagers\FImagePNG.h">
      <Filter>Header Files</Filter>
    </ClInclude>
    <ClInclude Include="src\Templates\TArray.h">
      <Filter>Header Files</Filter>
    </ClInclude>
    <ClInclude Include="src\Templates\THashFunctions.h">
      <Filter>Header Files</Filter>
    </ClInclude>
    <ClInclude Include="src\Templates\TImage.h">
      <Filter>Header Files</Filter>
    </ClInclude>
    <ClInclude Include="src\ThirdParty\stb_image.h">
      <Filter>Header Files</Filter>
    </ClInclude>
    <ClInclude Include="src\ThirdParty\tiny_obj_loader.h">
      <Filter>Header Files</Filter>
    </ClInclude>
    <ClInclude Include="src\Time\FTimeStamp.h">
      <Filter>Header Files</Filter>
    </ClInclude>
    <ClInclude Include="src\Types\T3DTypes.h">
      <Filter>Header Files</Filter>
    </ClInclude>
    <ClInclude Include="src\Window\FWindow.h">
      <Filter>Header Files</Filter>
    </ClInclude>
    <ClInclude Include="src\Templates\poormemory.h">
      <Filter>Header Files</Filter>
    </ClInclude>
    <ClInclude Include="src\Components\CComponentSystem.h">
      <Filter>Header Files</Filter>
    </ClInclude>
    <ClInclude Include="src\Components\CPointLightComponent.h">
      <Filter>Header Files</Filter>
    </ClInclude>
    <ClInclude Include="src\Templates\TSharedPointer.h">
      <Filter>Header Files</Filter>
    </ClInclude>
    <ClInclude Include="src\Templates\TScopedPointer.h">
      <Filter>Header Files</Filter>
    </ClInclude>
    <ClInclude Include="src\Macros\T3DMacros.h">
      <Filter>Header Files</Filter>
    </ClInclude>
    <ClInclude Include="src\Time\FClock.h">
      <Filter>Header Files</Filter>
    </ClInclude>
    <ClInclude Include="src\Time\FDeltaTime.h">
      <Filter>Header Files</Filter>
    </ClInclude>
    <ClInclude Include="src\Templates\TAutoID.h">
      <Filter>Header Files</Filter>
    </ClInclude>
    <ClInclude Include="src\Time\FTime.h">
      <Filter>Header Files</Filter>
    </ClInclude>
    <ClInclude Include="src\Test\ECSComponent.h">
      <Filter>Header Files</Filter>
    </ClInclude>
    <ClInclude Include="src\Test\BaseECSComponent.h">
      <Filter>Header Files</Filter>
    </ClInclude>
    <ClInclude Include="src\Test\TestComponent.h">
      <Filter>Header Files</Filter>
    </ClInclude>
    <ClInclude Include="src\Test\ECSSystem.h">
      <Filter>Header Files</Filter>
    </ClInclude>
    <ClInclude Include="src\Test\ECS.h">
      <Filter>Header Files</Filter>
    </ClInclude>
    <ClInclude Include="src\Templates\TTypeID.h">
      <Filter>Header Files</Filter>
    </ClInclude>
    <ClInclude Include="src\ECS\Components\IComponent.h">
      <Filter>Header Files</Filter>
    </ClInclude>
    <ClInclude Include="src\ECS\Components\TComponent.h">
      <Filter>Header Files</Filter>
    </ClInclude>
    <ClInclude Include="src\ECS\Entity\MEntityManager.h">
      <Filter>Header Files</Filter>
    </ClInclude>
    <ClInclude Include="src\Types\ECSTypes.h">
      <Filter>Header Files</Filter>
    </ClInclude>
    <ClInclude Include="src\ECS\Entity\FEntity.h">
      <Filter>Header Files</Filter>
    </ClInclude>
    <ClInclude Include="src\ECS\Components\FComponentDescription.h">
      <Filter>Header Files</Filter>
    </ClInclude>
    <ClInclude Include="src\ECS\Components\MComponentManager.h">
      <Filter>Header Files</Filter>
    </ClInclude>
  </ItemGroup>
  <ItemGroup>
    <None Include="cpp.hint" />
  </ItemGroup>
</Project>